
Microsoft Visual Studio Solution File, Format Version 12.00
# Visual Studio Version 17
VisualStudioVersion = 17.1.32228.430
MinimumVisualStudioVersion = 10.0.40219.1
Project("{FAE04EC0-301F-11D3-BF4B-00C04F79EFBC}") = "CafeWeb", "CafeWeb\CafeWeb.csproj", "{50AFBC63-A17A-497C-A0E4-3DBAEEA0C893}"
EndProject
Project("{FAE04EC0-301F-11D3-BF4B-00C04F79EFBC}") = "Classes", "Classes\Classes.csproj", "{745BCEAD-45BF-4CD9-94CD-A2EF1FFFB691}"
EndProject
Project("{FAE04EC0-301F-11D3-BF4B-00C04F79EFBC}") = "Database", "Database\Database.csproj", "{C05BE42E-FD78-494F-91EE-B9C49D977854}"
EndProject
Global
	GlobalSection(SolutionConfigurationPlatforms) = preSolution
		Debug|Any CPU = Debug|Any CPU
		Release|Any CPU = Release|Any CPU
	EndGlobalSection
	GlobalSection(ProjectConfigurationPlatforms) = postSolution
		{50AFBC63-A17A-497C-A0E4-3DBAEEA0C893}.Debug|Any CPU.ActiveCfg = Debug|Any CPU
		{50AFBC63-A17A-497C-A0E4-3DBAEEA0C893}.Debug|Any CPU.Build.0 = Debug|Any CPU
		{50AFBC63-A17A-497C-A0E4-3DBAEEA0C893}.Release|Any CPU.ActiveCfg = Release|Any CPU
		{50AFBC63-A17A-497C-A0E4-3DBAEEA0C893}.Release|Any CPU.Build.0 = Release|Any CPU
		{745BCEAD-45BF-4CD9-94CD-A2EF1FFFB691}.Debug|Any CPU.ActiveCfg = Debug|Any CPU
		{745BCEAD-45BF-4CD9-94CD-A2EF1FFFB691}.Debug|Any CPU.Build.0 = Debug|Any CPU
		{745BCEAD-45BF-4CD9-94CD-A2EF1FFFB691}.Release|Any CPU.ActiveCfg = Release|Any CPU
		{745BCEAD-45BF-4CD9-94CD-A2EF1FFFB691}.Release|Any CPU.Build.0 = Release|Any CPU
		{C05BE42E-FD78-494F-91EE-B9C49D977854}.Debug|Any CPU.ActiveCfg = Debug|Any CPU
		{C05BE42E-FD78-494F-91EE-B9C49D977854}.Debug|Any CPU.Build.0 = Debug|Any CPU
		{C05BE42E-FD78-494F-91EE-B9C49D977854}.Release|Any CPU.ActiveCfg = Release|Any CPU
		{C05BE42E-FD78-494F-91EE-B9C49D977854}.Release|Any CPU.Build.0 = Release|Any CPU
	EndGlobalSection
	GlobalSection(SolutionProperties) = preSolution
		HideSolutionNode = FALSE
	EndGlobalSection
	GlobalSection(ExtensibilityGlobals) = postSolution
		SolutionGuid = {96C38644-EE43-471F-96C1-3B71A6491D5C}
	EndGlobalSection
EndGlobal
